
Microsoft Visual Studio Solution File, Format Version 12.00
# Visual Studio Version 16
VisualStudioVersion = 16.0.34114.132
MinimumVisualStudioVersion = 10.0.40219.1
Project("{FAE04EC0-301F-11D3-BF4B-00C04F79EFBC}") = "DailyReport", "DailyReport\DailyReport.csproj", "{A220419F-03A8-413E-B66E-62D127842F9E}"
EndProject
Global
	GlobalSection(SolutionConfigurationPlatforms) = preSolution
		Debug|Any CPU = Debug|Any CPU
		Release|Any CPU = Release|Any CPU
	EndGlobalSection
	GlobalSection(ProjectConfigurationPlatforms) = postSolution
		{A220419F-03A8-413E-B66E-62D127842F9E}.Debug|Any CPU.ActiveCfg = Debug|Any CPU
		{A220419F-03A8-413E-B66E-62D127842F9E}.Debug|Any CPU.Build.0 = Debug|Any CPU
		{A220419F-03A8-413E-B66E-62D127842F9E}.Release|Any CPU.ActiveCfg = Release|Any CPU
		{A220419F-03A8-413E-B66E-62D127842F9E}.Release|Any CPU.Build.0 = Release|Any CPU
	EndGlobalSection
	GlobalSection(SolutionProperties) = preSolution
		HideSolutionNode = FALSE
	EndGlobalSection
	GlobalSection(ExtensibilityGlobals) = postSolution
		SolutionGuid = {46365578-A756-4394-B539-E1F28A36C4C0}
	EndGlobalSection
EndGlobal
