
Microsoft Visual Studio Solution File, Format Version 12.00
# Visual Studio Version 16
VisualStudioVersion = 16.0.34301.259
MinimumVisualStudioVersion = 10.0.40219.1
Project("{FAE04EC0-301F-11D3-BF4B-00C04F79EFBC}") = "MethodsAndObjects", "MethodsAndObjects\MethodsAndObjects.csproj", "{1D2CA0FB-FCE1-409C-8EF8-4770A6EE116F}"
EndProject
Global
	GlobalSection(SolutionConfigurationPlatforms) = preSolution
		Debug|Any CPU = Debug|Any CPU
		Release|Any CPU = Release|Any CPU
	EndGlobalSection
	GlobalSection(ProjectConfigurationPlatforms) = postSolution
		{1D2CA0FB-FCE1-409C-8EF8-4770A6EE116F}.Debug|Any CPU.ActiveCfg = Debug|Any CPU
		{1D2CA0FB-FCE1-409C-8EF8-4770A6EE116F}.Debug|Any CPU.Build.0 = Debug|Any CPU
		{1D2CA0FB-FCE1-409C-8EF8-4770A6EE116F}.Release|Any CPU.ActiveCfg = Release|Any CPU
		{1D2CA0FB-FCE1-409C-8EF8-4770A6EE116F}.Release|Any CPU.Build.0 = Release|Any CPU
	EndGlobalSection
	GlobalSection(SolutionProperties) = preSolution
		HideSolutionNode = FALSE
	EndGlobalSection
	GlobalSection(ExtensibilityGlobals) = postSolution
		SolutionGuid = {F8FBE88A-74A4-48D2-8A6D-529A2EA4E69A}
	EndGlobalSection
EndGlobal
