
Microsoft Visual Studio Solution File, Format Version 12.00
# Visual Studio Version 16
VisualStudioVersion = 16.0.34114.132
MinimumVisualStudioVersion = 10.0.40219.1
Project("{FAE04EC0-301F-11D3-BF4B-00C04F79EFBC}") = "IncomeComparison", "IncomeComparison\IncomeComparison.csproj", "{81B67143-1151-49EC-8B55-686D1F7F4CB9}"
EndProject
Global
	GlobalSection(SolutionConfigurationPlatforms) = preSolution
		Debug|Any CPU = Debug|Any CPU
		Release|Any CPU = Release|Any CPU
	EndGlobalSection
	GlobalSection(ProjectConfigurationPlatforms) = postSolution
		{81B67143-1151-49EC-8B55-686D1F7F4CB9}.Debug|Any CPU.ActiveCfg = Debug|Any CPU
		{81B67143-1151-49EC-8B55-686D1F7F4CB9}.Debug|Any CPU.Build.0 = Debug|Any CPU
		{81B67143-1151-49EC-8B55-686D1F7F4CB9}.Release|Any CPU.ActiveCfg = Release|Any CPU
		{81B67143-1151-49EC-8B55-686D1F7F4CB9}.Release|Any CPU.Build.0 = Release|Any CPU
	EndGlobalSection
	GlobalSection(SolutionProperties) = preSolution
		HideSolutionNode = FALSE
	EndGlobalSection
	GlobalSection(ExtensibilityGlobals) = postSolution
		SolutionGuid = {33A3E684-2E47-4836-A92A-8C6D6523C196}
	EndGlobalSection
EndGlobal
