
Microsoft Visual Studio Solution File, Format Version 12.00
# Visual Studio Version 16
VisualStudioVersion = 16.0.34301.259
MinimumVisualStudioVersion = 10.0.40219.1
Project("{9A19103F-16F7-4668-BE54-9A1E7A4F7556}") = "TwentyOne", "TwentyOne\TwentyOne.csproj", "{85F1E36E-E138-4B87-9B2C-FFCA422FCC9D}"
EndProject
Project("{FAE04EC0-301F-11D3-BF4B-00C04F79EFBC}") = "Casino", "Casino\Casino.csproj", "{1965154D-E656-4FD2-BC91-F8AB96F2BC9E}"
EndProject
Global
	GlobalSection(SolutionConfigurationPlatforms) = preSolution
		Debug|Any CPU = Debug|Any CPU
		Release|Any CPU = Release|Any CPU
	EndGlobalSection
	GlobalSection(ProjectConfigurationPlatforms) = postSolution
		{85F1E36E-E138-4B87-9B2C-FFCA422FCC9D}.Debug|Any CPU.ActiveCfg = Debug|Any CPU
		{85F1E36E-E138-4B87-9B2C-FFCA422FCC9D}.Debug|Any CPU.Build.0 = Debug|Any CPU
		{85F1E36E-E138-4B87-9B2C-FFCA422FCC9D}.Release|Any CPU.ActiveCfg = Release|Any CPU
		{85F1E36E-E138-4B87-9B2C-FFCA422FCC9D}.Release|Any CPU.Build.0 = Release|Any CPU
		{1965154D-E656-4FD2-BC91-F8AB96F2BC9E}.Debug|Any CPU.ActiveCfg = Debug|Any CPU
		{1965154D-E656-4FD2-BC91-F8AB96F2BC9E}.Debug|Any CPU.Build.0 = Debug|Any CPU
		{1965154D-E656-4FD2-BC91-F8AB96F2BC9E}.Release|Any CPU.ActiveCfg = Release|Any CPU
		{1965154D-E656-4FD2-BC91-F8AB96F2BC9E}.Release|Any CPU.Build.0 = Release|Any CPU
	EndGlobalSection
	GlobalSection(SolutionProperties) = preSolution
		HideSolutionNode = FALSE
	EndGlobalSection
	GlobalSection(ExtensibilityGlobals) = postSolution
		SolutionGuid = {886C20EF-8BFF-47C1-896A-CB8DE4A9ED9A}
	EndGlobalSection
EndGlobal
