
Microsoft Visual Studio Solution File, Format Version 12.00
# Visual Studio Version 16
VisualStudioVersion = 16.0.34301.259
MinimumVisualStudioVersion = 10.0.40219.1
Project("{FAE04EC0-301F-11D3-BF4B-00C04F79EFBC}") = "Operators", "Operators\Operators.csproj", "{54716E05-59F2-4519-9B1F-C2766AC3A3AA}"
EndProject
Global
	GlobalSection(SolutionConfigurationPlatforms) = preSolution
		Debug|Any CPU = Debug|Any CPU
		Release|Any CPU = Release|Any CPU
	EndGlobalSection
	GlobalSection(ProjectConfigurationPlatforms) = postSolution
		{54716E05-59F2-4519-9B1F-C2766AC3A3AA}.Debug|Any CPU.ActiveCfg = Debug|Any CPU
		{54716E05-59F2-4519-9B1F-C2766AC3A3AA}.Debug|Any CPU.Build.0 = Debug|Any CPU
		{54716E05-59F2-4519-9B1F-C2766AC3A3AA}.Release|Any CPU.ActiveCfg = Release|Any CPU
		{54716E05-59F2-4519-9B1F-C2766AC3A3AA}.Release|Any CPU.Build.0 = Release|Any CPU
	EndGlobalSection
	GlobalSection(SolutionProperties) = preSolution
		HideSolutionNode = FALSE
	EndGlobalSection
	GlobalSection(ExtensibilityGlobals) = postSolution
		SolutionGuid = {20BB0D63-C233-4A61-A6DD-DB9D7E5FF84B}
	EndGlobalSection
EndGlobal
